
Microsoft Visual Studio Solution File, Format Version 12.00
# Visual Studio Version 16
VisualStudioVersion = 16.0.30309.148
MinimumVisualStudioVersion = 10.0.40219.1
Project("{FAE04EC0-301F-11D3-BF4B-00C04F79EFBC}") = "libdiscord", "libdiscord.csproj", "{327329FD-611E-43FD-B4E1-F550A0153960}"
EndProject
Global
	GlobalSection(SolutionConfigurationPlatforms) = preSolution
		Debug|Any CPU = Debug|Any CPU
		Release|Any CPU = Release|Any CPU
	EndGlobalSection
	GlobalSection(ProjectConfigurationPlatforms) = postSolution
		{327329FD-611E-43FD-B4E1-F550A0153960}.Debug|Any CPU.ActiveCfg = Debug|Any CPU
		{327329FD-611E-43FD-B4E1-F550A0153960}.Debug|Any CPU.Build.0 = Debug|Any CPU
		{327329FD-611E-43FD-B4E1-F550A0153960}.Release|Any CPU.ActiveCfg = Release|Any CPU
		{327329FD-611E-43FD-B4E1-F550A0153960}.Release|Any CPU.Build.0 = Release|Any CPU
	EndGlobalSection
	GlobalSection(SolutionProperties) = preSolution
		HideSolutionNode = FALSE
	EndGlobalSection
	GlobalSection(ExtensibilityGlobals) = postSolution
		SolutionGuid = {3A01A6DA-F8F5-4BC9-AA9A-D4B0D1F85198}
	EndGlobalSection
EndGlobal
